
Microsoft Visual Studio Solution File, Format Version 12.00
# Visual Studio Version 17
VisualStudioVersion = 17.4.32804.182
MinimumVisualStudioVersion = 10.0.40219.1
Project("{FAE04EC0-301F-11D3-BF4B-00C04F79EFBC}") = "SignalRSample", "SignalRSample\SignalRSample.csproj", "{6EBE9753-3DC0-4959-8406-E7F34346AD55}"
EndProject
Global
	GlobalSection(SolutionConfigurationPlatforms) = preSolution
		Debug|Any CPU = Debug|Any CPU
		Release|Any CPU = Release|Any CPU
	EndGlobalSection
	GlobalSection(ProjectConfigurationPlatforms) = postSolution
		{6EBE9753-3DC0-4959-8406-E7F34346AD55}.Debug|Any CPU.ActiveCfg = Debug|Any CPU
		{6EBE9753-3DC0-4959-8406-E7F34346AD55}.Debug|Any CPU.Build.0 = Debug|Any CPU
		{6EBE9753-3DC0-4959-8406-E7F34346AD55}.Release|Any CPU.ActiveCfg = Release|Any CPU
		{6EBE9753-3DC0-4959-8406-E7F34346AD55}.Release|Any CPU.Build.0 = Release|Any CPU
	EndGlobalSection
	GlobalSection(SolutionProperties) = preSolution
		HideSolutionNode = FALSE
	EndGlobalSection
	GlobalSection(ExtensibilityGlobals) = postSolution
		SolutionGuid = {2E98B90A-DC26-4D11-931D-D41F20A13BC6}
	EndGlobalSection
EndGlobal
